
Microsoft Visual Studio Solution File, Format Version 12.00
# Visual Studio 15
VisualStudioVersion = 15.0.28307.421
MinimumVisualStudioVersion = 10.0.40219.1
Project("{9A19103F-16F7-4668-BE54-9A1E7A4F7556}") = "ScotVectorformApp", "ScotVectorformApp\ScotVectorformApp.csproj", "{A29166F0-A63A-4E3B-BC39-4F1AF647D518}"
EndProject
Global
	GlobalSection(SolutionConfigurationPlatforms) = preSolution
		Debug|Any CPU = Debug|Any CPU
		Release|Any CPU = Release|Any CPU
	EndGlobalSection
	GlobalSection(ProjectConfigurationPlatforms) = postSolution
		{A29166F0-A63A-4E3B-BC39-4F1AF647D518}.Debug|Any CPU.ActiveCfg = Debug|Any CPU
		{A29166F0-A63A-4E3B-BC39-4F1AF647D518}.Debug|Any CPU.Build.0 = Debug|Any CPU
		{A29166F0-A63A-4E3B-BC39-4F1AF647D518}.Release|Any CPU.ActiveCfg = Release|Any CPU
		{A29166F0-A63A-4E3B-BC39-4F1AF647D518}.Release|Any CPU.Build.0 = Release|Any CPU
	EndGlobalSection
	GlobalSection(SolutionProperties) = preSolution
		HideSolutionNode = FALSE
	EndGlobalSection
	GlobalSection(ExtensibilityGlobals) = postSolution
		SolutionGuid = {C3D20705-AA11-4521-B5CE-9940B0E80D48}
	EndGlobalSection
EndGlobal
